
Microsoft Visual Studio Solution File, Format Version 12.00
# Visual Studio Version 17
VisualStudioVersion = 17.11.35222.181
MinimumVisualStudioVersion = 10.0.40219.1
Project("{FAE04EC0-301F-11D3-BF4B-00C04F79EFBC}") = "sunucu", "sunucu\sunucu.csproj", "{91670884-6396-4585-B292-9E2CF8E834C1}"
EndProject
Global
	GlobalSection(SolutionConfigurationPlatforms) = preSolution
		Debug|Any CPU = Debug|Any CPU
		Release|Any CPU = Release|Any CPU
	EndGlobalSection
	GlobalSection(ProjectConfigurationPlatforms) = postSolution
		{91670884-6396-4585-B292-9E2CF8E834C1}.Debug|Any CPU.ActiveCfg = Debug|Any CPU
		{91670884-6396-4585-B292-9E2CF8E834C1}.Debug|Any CPU.Build.0 = Debug|Any CPU
		{91670884-6396-4585-B292-9E2CF8E834C1}.Release|Any CPU.ActiveCfg = Release|Any CPU
		{91670884-6396-4585-B292-9E2CF8E834C1}.Release|Any CPU.Build.0 = Release|Any CPU
	EndGlobalSection
	GlobalSection(SolutionProperties) = preSolution
		HideSolutionNode = FALSE
	EndGlobalSection
	GlobalSection(ExtensibilityGlobals) = postSolution
		SolutionGuid = {5B38228A-FD1E-4EB8-9929-CFF845E2F9B5}
	EndGlobalSection
EndGlobal
